// !$*UTF8*$!
{
	archiveVersion = 1;
	classes = {
	};
	objectVersion = 46;
	objects = {

/* Begin PBXBuildFile section */
		473531B11C2687BA00CBB2AC /* BaseView.m in Sources */ = {isa = PBXBuildFile; fileRef = 473531B01C2687BA00CBB2AC /* BaseView.m */; };
		474C18D01C21508700F97378 /* ClubInfoController.m in Sources */ = {isa = PBXBuildFile; fileRef = 474C18BE1C21508700F97378 /* ClubInfoController.m */; };
		474C18D11C21508700F97378 /* MainController.m in Sources */ = {isa = PBXBuildFile; fileRef = 474C18C01C21508700F97378 /* MainController.m */; };
		474C18D21C21508700F97378 /* NavController.m in Sources */ = {isa = PBXBuildFile; fileRef = 474C18C21C21508700F97378 /* NavController.m */; };
		474C18D31C21508700F97378 /* ClubInfoView.m in Sources */ = {isa = PBXBuildFile; fileRef = 474C18C71C21508700F97378 /* ClubInfoView.m */; };
		474C18D41C21508700F97378 /* LeadingPageView.m in Sources */ = {isa = PBXBuildFile; fileRef = 474C18C91C21508700F97378 /* LeadingPageView.m */; };
		474C18D51C21508700F97378 /* MainCell.m in Sources */ = {isa = PBXBuildFile; fileRef = 474C18CB1C21508700F97378 /* MainCell.m */; };
		474C18D61C21508700F97378 /* MainReusableView.m in Sources */ = {isa = PBXBuildFile; fileRef = 474C18CD1C21508700F97378 /* MainReusableView.m */; };
		474C18D71C21508700F97378 /* MainView.m in Sources */ = {isa = PBXBuildFile; fileRef = 474C18CF1C21508700F97378 /* MainView.m */; };
		474C18DD1C22A30700F97378 /* UINavigationBar+Awesome.m in Sources */ = {isa = PBXBuildFile; fileRef = 474C18DC1C22A30700F97378 /* UINavigationBar+Awesome.m */; };
		474C18E01C23359A00F97378 /* UIImage+colorImage.m in Sources */ = {isa = PBXBuildFile; fileRef = 474C18DF1C23359A00F97378 /* UIImage+colorImage.m */; };
		47D163901C107E7B00F6C0E1 /* main.m in Sources */ = {isa = PBXBuildFile; fileRef = 47D1638F1C107E7B00F6C0E1 /* main.m */; };
		47D163931C107E7B00F6C0E1 /* AppDelegate.m in Sources */ = {isa = PBXBuildFile; fileRef = 47D163921C107E7B00F6C0E1 /* AppDelegate.m */; };
		47D1639B1C107E7B00F6C0E1 /* Assets.xcassets in Resources */ = {isa = PBXBuildFile; fileRef = 47D1639A1C107E7B00F6C0E1 /* Assets.xcassets */; };
		47D1639E1C107E7B00F6C0E1 /* LaunchScreen.storyboard in Resources */ = {isa = PBXBuildFile; fileRef = 47D1639C1C107E7B00F6C0E1 /* LaunchScreen.storyboard */; };
		47D163A91C107E7B00F6C0E1 /* PracticeGitTests.m in Sources */ = {isa = PBXBuildFile; fileRef = 47D163A81C107E7B00F6C0E1 /* PracticeGitTests.m */; };
		47D163B41C107E7B00F6C0E1 /* PracticeGitUITests.m in Sources */ = {isa = PBXBuildFile; fileRef = 47D163B31C107E7B00F6C0E1 /* PracticeGitUITests.m */; };
/* End PBXBuildFile section */

/* Begin PBXContainerItemProxy section */
		47D163A51C107E7B00F6C0E1 /* PBXContainerItemProxy */ = {
			isa = PBXContainerItemProxy;
			containerPortal = 47D163831C107E7B00F6C0E1 /* Project object */;
			proxyType = 1;
			remoteGlobalIDString = 47D1638A1C107E7B00F6C0E1;
			remoteInfo = PracticeGit;
		};
		47D163B01C107E7B00F6C0E1 /* PBXContainerItemProxy */ = {
			isa = PBXContainerItemProxy;
			containerPortal = 47D163831C107E7B00F6C0E1 /* Project object */;
			proxyType = 1;
			remoteGlobalIDString = 47D1638A1C107E7B00F6C0E1;
			remoteInfo = PracticeGit;
		};
/* End PBXContainerItemProxy section */

/* Begin PBXFileReference section */
		473531AF1C2687BA00CBB2AC /* BaseView.h */ = {isa = PBXFileReference; fileEncoding = 4; lastKnownFileType = sourcecode.c.h; path = BaseView.h; sourceTree = "<group>"; };
		473531B01C2687BA00CBB2AC /* BaseView.m */ = {isa = PBXFileReference; fileEncoding = 4; lastKnownFileType = sourcecode.c.objc; path = BaseView.m; sourceTree = "<group>"; };
		474C18BD1C21508700F97378 /* ClubInfoController.h */ = {isa = PBXFileReference; fileEncoding = 4; lastKnownFileType = sourcecode.c.h; path = ClubInfoController.h; sourceTree = "<group>"; };
		474C18BE1C21508700F97378 /* ClubInfoController.m */ = {isa = PBXFileReference; fileEncoding = 4; lastKnownFileType = sourcecode.c.objc; path = ClubInfoController.m; sourceTree = "<group>"; };
		474C18BF1C21508700F97378 /* MainController.h */ = {isa = PBXFileReference; fileEncoding = 4; lastKnownFileType = sourcecode.c.h; path = MainController.h; sourceTree = "<group>"; };
		474C18C01C21508700F97378 /* MainController.m */ = {isa = PBXFileReference; fileEncoding = 4; lastKnownFileType = sourcecode.c.objc; path = MainController.m; sourceTree = "<group>"; };
		474C18C11C21508700F97378 /* NavController.h */ = {isa = PBXFileReference; fileEncoding = 4; lastKnownFileType = sourcecode.c.h; path = NavController.h; sourceTree = "<group>"; };
		474C18C21C21508700F97378 /* NavController.m */ = {isa = PBXFileReference; fileEncoding = 4; lastKnownFileType = sourcecode.c.objc; path = NavController.m; sourceTree = "<group>"; };
		474C18C61C21508700F97378 /* ClubInfoView.h */ = {isa = PBXFileReference; fileEncoding = 4; lastKnownFileType = sourcecode.c.h; path = ClubInfoView.h; sourceTree = "<group>"; };
		474C18C71C21508700F97378 /* ClubInfoView.m */ = {isa = PBXFileReference; fileEncoding = 4; lastKnownFileType = sourcecode.c.objc; path = ClubInfoView.m; sourceTree = "<group>"; };
		474C18C81C21508700F97378 /* LeadingPageView.h */ = {isa = PBXFileReference; fileEncoding = 4; lastKnownFileType = sourcecode.c.h; path = LeadingPageView.h; sourceTree = "<group>"; };
		474C18C91C21508700F97378 /* LeadingPageView.m */ = {isa = PBXFileReference; fileEncoding = 4; lastKnownFileType = sourcecode.c.objc; path = LeadingPageView.m; sourceTree = "<group>"; };
		474C18CA1C21508700F97378 /* MainCell.h */ = {isa = PBXFileReference; fileEncoding = 4; lastKnownFileType = sourcecode.c.h; path = MainCell.h; sourceTree = "<group>"; };
		474C18CB1C21508700F97378 /* MainCell.m */ = {isa = PBXFileReference; fileEncoding = 4; lastKnownFileType = sourcecode.c.objc; path = MainCell.m; sourceTree = "<group>"; };
		474C18CC1C21508700F97378 /* MainReusableView.h */ = {isa = PBXFileReference; fileEncoding = 4; lastKnownFileType = sourcecode.c.h; path = MainReusableView.h; sourceTree = "<group>"; };
		474C18CD1C21508700F97378 /* MainReusableView.m */ = {isa = PBXFileReference; fileEncoding = 4; lastKnownFileType = sourcecode.c.objc; path = MainReusableView.m; sourceTree = "<group>"; };
		474C18CE1C21508700F97378 /* MainView.h */ = {isa = PBXFileReference; fileEncoding = 4; lastKnownFileType = sourcecode.c.h; path = MainView.h; sourceTree = "<group>"; };
		474C18CF1C21508700F97378 /* MainView.m */ = {isa = PBXFileReference; fileEncoding = 4; lastKnownFileType = sourcecode.c.objc; path = MainView.m; sourceTree = "<group>"; };
		474C18DB1C22A30700F97378 /* UINavigationBar+Awesome.h */ = {isa = PBXFileReference; fileEncoding = 4; lastKnownFileType = sourcecode.c.h; path = "UINavigationBar+Awesome.h"; sourceTree = "<group>"; };
		474C18DC1C22A30700F97378 /* UINavigationBar+Awesome.m */ = {isa = PBXFileReference; fileEncoding = 4; lastKnownFileType = sourcecode.c.objc; path = "UINavigationBar+Awesome.m"; sourceTree = "<group>"; };
		474C18DE1C23359A00F97378 /* UIImage+colorImage.h */ = {isa = PBXFileReference; fileEncoding = 4; lastKnownFileType = sourcecode.c.h; path = "UIImage+colorImage.h"; sourceTree = "<group>"; };
		474C18DF1C23359A00F97378 /* UIImage+colorImage.m */ = {isa = PBXFileReference; fileEncoding = 4; lastKnownFileType = sourcecode.c.objc; path = "UIImage+colorImage.m"; sourceTree = "<group>"; };
		47D1638B1C107E7B00F6C0E1 /* PracticeGit.app */ = {isa = PBXFileReference; explicitFileType = wrapper.application; includeInIndex = 0; path = PracticeGit.app; sourceTree = BUILT_PRODUCTS_DIR; };
		47D1638F1C107E7B00F6C0E1 /* main.m */ = {isa = PBXFileReference; lastKnownFileType = sourcecode.c.objc; path = main.m; sourceTree = "<group>"; };
		47D163911C107E7B00F6C0E1 /* AppDelegate.h */ = {isa = PBXFileReference; lastKnownFileType = sourcecode.c.h; path = AppDelegate.h; sourceTree = "<group>"; };
		47D163921C107E7B00F6C0E1 /* AppDelegate.m */ = {isa = PBXFileReference; lastKnownFileType = sourcecode.c.objc; path = AppDelegate.m; sourceTree = "<group>"; };
		47D1639A1C107E7B00F6C0E1 /* Assets.xcassets */ = {isa = PBXFileReference; lastKnownFileType = folder.assetcatalog; path = Assets.xcassets; sourceTree = "<group>"; };
		47D1639D1C107E7B00F6C0E1 /* Base */ = {isa = PBXFileReference; lastKnownFileType = file.storyboard; name = Base; path = Base.lproj/LaunchScreen.storyboard; sourceTree = "<group>"; };
		47D1639F1C107E7B00F6C0E1 /* Info.plist */ = {isa = PBXFileReference; lastKnownFileType = text.plist.xml; path = Info.plist; sourceTree = "<group>"; };
		47D163A41C107E7B00F6C0E1 /* PracticeGitTests.xctest */ = {isa = PBXFileReference; explicitFileType = wrapper.cfbundle; includeInIndex = 0; path = PracticeGitTests.xctest; sourceTree = BUILT_PRODUCTS_DIR; };
		47D163A81C107E7B00F6C0E1 /* PracticeGitTests.m */ = {isa = PBXFileReference; lastKnownFileType = sourcecode.c.objc; path = PracticeGitTests.m; sourceTree = "<group>"; };
		47D163AA1C107E7B00F6C0E1 /* Info.plist */ = {isa = PBXFileReference; lastKnownFileType = text.plist.xml; path = Info.plist; sourceTree = "<group>"; };
		47D163AF1C107E7B00F6C0E1 /* PracticeGitUITests.xctest */ = {isa = PBXFileReference; explicitFileType = wrapper.cfbundle; includeInIndex = 0; path = PracticeGitUITests.xctest; sourceTree = BUILT_PRODUCTS_DIR; };
		47D163B31C107E7B00F6C0E1 /* PracticeGitUITests.m */ = {isa = PBXFileReference; lastKnownFileType = sourcecode.c.objc; path = PracticeGitUITests.m; sourceTree = "<group>"; };
		47D163B51C107E7B00F6C0E1 /* Info.plist */ = {isa = PBXFileReference; lastKnownFileType = text.plist.xml; path = Info.plist; sourceTree = "<group>"; };
/* End PBXFileReference section */

/* Begin PBXFrameworksBuildPhase section */
		47D163881C107E7B00F6C0E1 /* Frameworks */ = {
			isa = PBXFrameworksBuildPhase;
			buildActionMask = 2147483647;
			files = (
			);
			runOnlyForDeploymentPostprocessing = 0;
		};
		47D163A11C107E7B00F6C0E1 /* Frameworks */ = {
			isa = PBXFrameworksBuildPhase;
			buildActionMask = 2147483647;
			files = (
			);
			runOnlyForDeploymentPostprocessing = 0;
		};
		47D163AC1C107E7B00F6C0E1 /* Frameworks */ = {
			isa = PBXFrameworksBuildPhase;
			buildActionMask = 2147483647;
			files = (
			);
			runOnlyForDeploymentPostprocessing = 0;
		};
/* End PBXFrameworksBuildPhase section */

/* Begin PBXGroup section */
		474C18BB1C21508700F97378 /* Classes */ = {
			isa = PBXGroup;
			children = (
				474C18BC1C21508700F97378 /* Controllers */,
				474C18C31C21508700F97378 /* Models */,
				474C18C41C21508700F97378 /* Utitles */,
				474C18C51C21508700F97378 /* Views */,
			);
			path = Classes;
			sourceTree = "<group>";
		};
		474C18BC1C21508700F97378 /* Controllers */ = {
			isa = PBXGroup;
			children = (
				474C18BD1C21508700F97378 /* ClubInfoController.h */,
				474C18BE1C21508700F97378 /* ClubInfoController.m */,
				474C18BF1C21508700F97378 /* MainController.h */,
				474C18C01C21508700F97378 /* MainController.m */,
				474C18C11C21508700F97378 /* NavController.h */,
				474C18C21C21508700F97378 /* NavController.m */,
			);
			path = Controllers;
			sourceTree = "<group>";
		};
		474C18C31C21508700F97378 /* Models */ = {
			isa = PBXGroup;
			children = (
			);
			path = Models;
			sourceTree = "<group>";
		};
		474C18C41C21508700F97378 /* Utitles */ = {
			isa = PBXGroup;
			children = (
				474C18DB1C22A30700F97378 /* UINavigationBar+Awesome.h */,
				474C18DC1C22A30700F97378 /* UINavigationBar+Awesome.m */,
				474C18DE1C23359A00F97378 /* UIImage+colorImage.h */,
				474C18DF1C23359A00F97378 /* UIImage+colorImage.m */,
			);
			path = Utitles;
			sourceTree = "<group>";
		};
		474C18C51C21508700F97378 /* Views */ = {
			isa = PBXGroup;
			children = (
				474C18C61C21508700F97378 /* ClubInfoView.h */,
				474C18C71C21508700F97378 /* ClubInfoView.m */,
				474C18C81C21508700F97378 /* LeadingPageView.h */,
				474C18C91C21508700F97378 /* LeadingPageView.m */,
				474C18CA1C21508700F97378 /* MainCell.h */,
				474C18CB1C21508700F97378 /* MainCell.m */,
				474C18CC1C21508700F97378 /* MainReusableView.h */,
				474C18CD1C21508700F97378 /* MainReusableView.m */,
				474C18CE1C21508700F97378 /* MainView.h */,
				474C18CF1C21508700F97378 /* MainView.m */,
				473531AF1C2687BA00CBB2AC /* BaseView.h */,
				473531B01C2687BA00CBB2AC /* BaseView.m */,
			);
			path = Views;
			sourceTree = "<group>";
		};
		47D163821C107E7B00F6C0E1 = {
			isa = PBXGroup;
			children = (
				47D1638D1C107E7B00F6C0E1 /* PracticeGit */,
				47D163A71C107E7B00F6C0E1 /* PracticeGitTests */,
				47D163B21C107E7B00F6C0E1 /* PracticeGitUITests */,
				47D1638C1C107E7B00F6C0E1 /* Products */,
			);
			sourceTree = "<group>";
		};
		47D1638C1C107E7B00F6C0E1 /* Products */ = {
			isa = PBXGroup;
			children = (
				47D1638B1C107E7B00F6C0E1 /* PracticeGit.app */,
				47D163A41C107E7B00F6C0E1 /* PracticeGitTests.xctest */,
				47D163AF1C107E7B00F6C0E1 /* PracticeGitUITests.xctest */,
			);
			name = Products;
			sourceTree = "<group>";
		};
		47D1638D1C107E7B00F6C0E1 /* PracticeGit */ = {
			isa = PBXGroup;
			children = (
				474C18BB1C21508700F97378 /* Classes */,
				47D163911C107E7B00F6C0E1 /* AppDelegate.h */,
				47D163921C107E7B00F6C0E1 /* AppDelegate.m */,
				47D1639A1C107E7B00F6C0E1 /* Assets.xcassets */,
				47D1639C1C107E7B00F6C0E1 /* LaunchScreen.storyboard */,
				47D1639F1C107E7B00F6C0E1 /* Info.plist */,
				47D1638E1C107E7B00F6C0E1 /* Supporting Files */,
			);
			path = PracticeGit;
			sourceTree = "<group>";
		};
		47D1638E1C107E7B00F6C0E1 /* Supporting Files */ = {
			isa = PBXGroup;
			children = (
				47D1638F1C107E7B00F6C0E1 /* main.m */,
			);
			name = "Supporting Files";
			sourceTree = "<group>";
		};
		47D163A71C107E7B00F6C0E1 /* PracticeGitTests */ = {
			isa = PBXGroup;
			children = (
				47D163A81C107E7B00F6C0E1 /* PracticeGitTests.m */,
				47D163AA1C107E7B00F6C0E1 /* Info.plist */,
			);
			path = PracticeGitTests;
			sourceTree = "<group>";
		};
		47D163B21C107E7B00F6C0E1 /* PracticeGitUITests */ = {
			isa = PBXGroup;
			children = (
				47D163B31C107E7B00F6C0E1 /* PracticeGitUITests.m */,
				47D163B51C107E7B00F6C0E1 /* Info.plist */,
			);
			path = PracticeGitUITests;
			sourceTree = "<group>";
		};
/* End PBXGroup section */

/* Begin PBXNativeTarget section */
		47D1638A1C107E7B00F6C0E1 /* PracticeGit */ = {
			isa = PBXNativeTarget;
			buildConfigurationList = 47D163B81C107E7B00F6C0E1 /* Build configuration list for PBXNativeTarget "PracticeGit" */;
			buildPhases = (
				47D163871C107E7B00F6C0E1 /* Sources */,
				47D163881C107E7B00F6C0E1 /* Frameworks */,
				47D163891C107E7B00F6C0E1 /* Resources */,
			);
			buildRules = (
			);
			dependencies = (
			);
			name = PracticeGit;
			productName = PracticeGit;
			productReference = 47D1638B1C107E7B00F6C0E1 /* PracticeGit.app */;
			productType = "com.apple.product-type.application";
		};
		47D163A31C107E7B00F6C0E1 /* PracticeGitTests */ = {
			isa = PBXNativeTarget;
			buildConfigurationList = 47D163BB1C107E7B00F6C0E1 /* Build configuration list for PBXNativeTarget "PracticeGitTests" */;
			buildPhases = (
				47D163A01C107E7B00F6C0E1 /* Sources */,
				47D163A11C107E7B00F6C0E1 /* Frameworks */,
				47D163A21C107E7B00F6C0E1 /* Resources */,
			);
			buildRules = (
			);
			dependencies = (
				47D163A61C107E7B00F6C0E1 /* PBXTargetDependency */,
			);
			name = PracticeGitTests;
			productName = PracticeGitTests;
			productReference = 47D163A41C107E7B00F6C0E1 /* PracticeGitTests.xctest */;
			productType = "com.apple.product-type.bundle.unit-test";
		};
		47D163AE1C107E7B00F6C0E1 /* PracticeGitUITests */ = {
			isa = PBXNativeTarget;
			buildConfigurationList = 47D163BE1C107E7B00F6C0E1 /* Build configuration list for PBXNativeTarget "PracticeGitUITests" */;
			buildPhases = (
				47D163AB1C107E7B00F6C0E1 /* Sources */,
				47D163AC1C107E7B00F6C0E1 /* Frameworks */,
				47D163AD1C107E7B00F6C0E1 /* Resources */,
			);
			buildRules = (
			);
			dependencies = (
				47D163B11C107E7B00F6C0E1 /* PBXTargetDependency */,
			);
			name = PracticeGitUITests;
			productName = PracticeGitUITests;
			productReference = 47D163AF1C107E7B00F6C0E1 /* PracticeGitUITests.xctest */;
			productType = "com.apple.product-type.bundle.ui-testing";
		};
/* End PBXNativeTarget section */

/* Begin PBXProject section */
		47D163831C107E7B00F6C0E1 /* Project object */ = {
			isa = PBXProject;
			attributes = {
				LastUpgradeCheck = 0710;
				ORGANIZATIONNAME = "陳泓諺";
				TargetAttributes = {
					47D1638A1C107E7B00F6C0E1 = {
						CreatedOnToolsVersion = 7.1.1;
					};
					47D163A31C107E7B00F6C0E1 = {
						CreatedOnToolsVersion = 7.1.1;
						TestTargetID = 47D1638A1C107E7B00F6C0E1;
					};
					47D163AE1C107E7B00F6C0E1 = {
						CreatedOnToolsVersion = 7.1.1;
						TestTargetID = 47D1638A1C107E7B00F6C0E1;
					};
				};
			};
			buildConfigurationList = 47D163861C107E7B00F6C0E1 /* Build configuration list for PBXProject "PracticeGit" */;
			compatibilityVersion = "Xcode 3.2";
			developmentRegion = English;
			hasScannedForEncodings = 0;
			knownRegions = (
				en,
				Base,
			);
			mainGroup = 47D163821C107E7B00F6C0E1;
			productRefGroup = 47D1638C1C107E7B00F6C0E1 /* Products */;
			projectDirPath = "";
			projectRoot = "";
			targets = (
				47D1638A1C107E7B00F6C0E1 /* PracticeGit */,
				47D163A31C107E7B00F6C0E1 /* PracticeGitTests */,
				47D163AE1C107E7B00F6C0E1 /* PracticeGitUITests */,
			);
		};
/* End PBXProject section */

/* Begin PBXResourcesBuildPhase section */
		47D163891C107E7B00F6C0E1 /* Resources */ = {
			isa = PBXResourcesBuildPhase;
			buildActionMask = 2147483647;
			files = (
				47D1639E1C107E7B00F6C0E1 /* LaunchScreen.storyboard in Resources */,
				47D1639B1C107E7B00F6C0E1 /* Assets.xcassets in Resources */,
			);
			runOnlyForDeploymentPostprocessing = 0;
		};
		47D163A21C107E7B00F6C0E1 /* Resources */ = {
			isa = PBXResourcesBuildPhase;
			buildActionMask = 2147483647;
			files = (
			);
			runOnlyForDeploymentPostprocessing = 0;
		};
		47D163AD1C107E7B00F6C0E1 /* Resources */ = {
			isa = PBXResourcesBuildPhase;
			buildActionMask = 2147483647;
			files = (
			);
			runOnlyForDeploymentPostprocessing = 0;
		};
/* End PBXResourcesBuildPhase section */

/* Begin PBXSourcesBuildPhase section */
		47D163871C107E7B00F6C0E1 /* Sources */ = {
			isa = PBXSourcesBuildPhase;
			buildActionMask = 2147483647;
			files = (
				474C18D11C21508700F97378 /* MainController.m in Sources */,
				47D163931C107E7B00F6C0E1 /* AppDelegate.m in Sources */,
				474C18D51C21508700F97378 /* MainCell.m in Sources */,
				474C18D31C21508700F97378 /* ClubInfoView.m in Sources */,
				474C18D41C21508700F97378 /* LeadingPageView.m in Sources */,
				474C18D71C21508700F97378 /* MainView.m in Sources */,
				473531B11C2687BA00CBB2AC /* BaseView.m in Sources */,
				474C18DD1C22A30700F97378 /* UINavigationBar+Awesome.m in Sources */,
				474C18D21C21508700F97378 /* NavController.m in Sources */,
				47D163901C107E7B00F6C0E1 /* main.m in Sources */,
				474C18E01C23359A00F97378 /* UIImage+colorImage.m in Sources */,
				474C18D01C21508700F97378 /* ClubInfoController.m in Sources */,
				474C18D61C21508700F97378 /* MainReusableView.m in Sources */,
			);
			runOnlyForDeploymentPostprocessing = 0;
		};
		47D163A01C107E7B00F6C0E1 /* Sources */ = {
			isa = PBXSourcesBuildPhase;
			buildActionMask = 2147483647;
			files = (
				47D163A91C107E7B00F6C0E1 /* PracticeGitTests.m in Sources */,
			);
			runOnlyForDeploymentPostprocessing = 0;
		};
		47D163AB1C107E7B00F6C0E1 /* Sources */ = {
			isa = PBXSourcesBuildPhase;
			buildActionMask = 2147483647;
			files = (
				47D163B41C107E7B00F6C0E1 /* PracticeGitUITests.m in Sources */,
			);
			runOnlyForDeploymentPostprocessing = 0;
		};
/* End PBXSourcesBuildPhase section */

/* Begin PBXTargetDependency section */
		47D163A61C107E7B00F6C0E1 /* PBXTargetDependency */ = {
			isa = PBXTargetDependency;
			target = 47D1638A1C107E7B00F6C0E1 /* PracticeGit */;
			targetProxy = 47D163A51C107E7B00F6C0E1 /* PBXContainerItemProxy */;
		};
		47D163B11C107E7B00F6C0E1 /* PBXTargetDependency */ = {
			isa = PBXTargetDependency;
			target = 47D1638A1C107E7B00F6C0E1 /* PracticeGit */;
			targetProxy = 47D163B01C107E7B00F6C0E1 /* PBXContainerItemProxy */;
		};
/* End PBXTargetDependency section */

/* Begin PBXVariantGroup section */
		47D1639C1C107E7B00F6C0E1 /* LaunchScreen.storyboard */ = {
			isa = PBXVariantGroup;
			children = (
				47D1639D1C107E7B00F6C0E1 /* Base */,
			);
			name = LaunchScreen.storyboard;
			sourceTree = "<group>";
		};
/* End PBXVariantGroup section */

/* Begin XCBuildConfiguration section */
		47D163B61C107E7B00F6C0E1 /* Debug */ = {
			isa = XCBuildConfiguration;
			buildSettings = {
				ALWAYS_SEARCH_USER_PATHS = NO;
				CLANG_CXX_LANGUAGE_STANDARD = "gnu++0x";
				CLANG_CXX_LIBRARY = "libc++";
				CLANG_ENABLE_MODULES = YES;
				CLANG_ENABLE_OBJC_ARC = YES;
				CLANG_WARN_BOOL_CONVERSION = YES;
				CLANG_WARN_CONSTANT_CONVERSION = YES;
				CLANG_WARN_DIRECT_OBJC_ISA_USAGE = YES_ERROR;
				CLANG_WARN_EMPTY_BODY = YES;
				CLANG_WARN_ENUM_CONVERSION = YES;
				CLANG_WARN_INT_CONVERSION = YES;
				CLANG_WARN_OBJC_ROOT_CLASS = YES_ERROR;
				CLANG_WARN_UNREACHABLE_CODE = YES;
				CLANG_WARN__DUPLICATE_METHOD_MATCH = YES;
				"CODE_SIGN_IDENTITY[sdk=iphoneos*]" = "iPhone Developer";
				COPY_PHASE_STRIP = NO;
				DEBUG_INFORMATION_FORMAT = dwarf;
				ENABLE_STRICT_OBJC_MSGSEND = YES;
				ENABLE_TESTABILITY = YES;
				GCC_C_LANGUAGE_STANDARD = gnu99;
				GCC_DYNAMIC_NO_PIC = NO;
				GCC_NO_COMMON_BLOCKS = YES;
				GCC_OPTIMIZATION_LEVEL = 0;
				GCC_PREPROCESSOR_DEFINITIONS = (
					"DEBUG=1",
					"$(inherited)",
				);
				GCC_WARN_64_TO_32_BIT_CONVERSION = YES;
				GCC_WARN_ABOUT_RETURN_TYPE = YES_ERROR;
				GCC_WARN_UNDECLARED_SELECTOR = YES;
				GCC_WARN_UNINITIALIZED_AUTOS = YES_AGGRESSIVE;
				GCC_WARN_UNUSED_FUNCTION = YES;
				GCC_WARN_UNUSED_VARIABLE = YES;
				IPHONEOS_DEPLOYMENT_TARGET = 9.1;
				MTL_ENABLE_DEBUG_INFO = YES;
				ONLY_ACTIVE_ARCH = YES;
				SDKROOT = iphoneos;
			};
			name = Debug;
		};
		47D163B71C107E7B00F6C0E1 /* Release */ = {
			isa = XCBuildConfiguration;
			buildSettings = {
				ALWAYS_SEARCH_USER_PATHS = NO;
				CLANG_CXX_LANGUAGE_STANDARD = "gnu++0x";
				CLANG_CXX_LIBRARY = "libc++";
				CLANG_ENABLE_MODULES = YES;
				CLANG_ENABLE_OBJC_ARC = YES;
				CLANG_WARN_BOOL_CONVERSION = YES;
				CLANG_WARN_CONSTANT_CONVERSION = YES;
				CLANG_WARN_DIRECT_OBJC_ISA_USAGE = YES_ERROR;
				CLANG_WARN_EMPTY_BODY = YES;
				CLANG_WARN_ENUM_CONVERSION = YES;
				CLANG_WARN_INT_CONVERSION = YES;
				CLANG_WARN_OBJC_ROOT_CLASS = YES_ERROR;
				CLANG_WARN_UNREACHABLE_CODE = YES;
				CLANG_WARN__DUPLICATE_METHOD_MATCH = YES;
				"CODE_SIGN_IDENTITY[sdk=iphoneos*]" = "iPhone Developer";
				COPY_PHASE_STRIP = NO;
				DEBUG_INFORMATION_FORMAT = "dwarf-with-dsym";
				ENABLE_NS_ASSERTIONS = NO;
				ENABLE_STRICT_OBJC_MSGSEND = YES;
				GCC_C_LANGUAGE_STANDARD = gnu99;
				GCC_NO_COMMON_BLOCKS = YES;
				GCC_WARN_64_TO_32_BIT_CONVERSION = YES;
				GCC_WARN_ABOUT_RETURN_TYPE = YES_ERROR;
				GCC_WARN_UNDECLARED_SELECTOR = YES;
				GCC_WARN_UNINITIALIZED_AUTOS = YES_AGGRESSIVE;
				GCC_WARN_UNUSED_FUNCTION = YES;
				GCC_WARN_UNUSED_VARIABLE = YES;
				IPHONEOS_DEPLOYMENT_TARGET = 9.1;
				MTL_ENABLE_DEBUG_INFO = NO;
				SDKROOT = iphoneos;
				VALIDATE_PRODUCT = YES;
			};
			name = Release;
		};
		47D163B91C107E7B00F6C0E1 /* Debug */ = {
			isa = XCBuildConfiguration;
			buildSettings = {
				ASSETCATALOG_COMPILER_APPICON_NAME = AppIcon;
				INFOPLIST_FILE = PracticeGit/Info.plist;
				LD_RUNPATH_SEARCH_PATHS = "$(inherited) @executable_path/Frameworks";
				PRODUCT_BUNDLE_IDENTIFIER = as.PracticeGit;
				PRODUCT_NAME = "$(TARGET_NAME)";
			};
			name = Debug;
		};
		47D163BA1C107E7B00F6C0E1 /* Release */ = {
			isa = XCBuildConfiguration;
			buildSettings = {
				ASSETCATALOG_COMPILER_APPICON_NAME = AppIcon;
				INFOPLIST_FILE = PracticeGit/Info.plist;
				LD_RUNPATH_SEARCH_PATHS = "$(inherited) @executable_path/Frameworks";
				PRODUCT_BUNDLE_IDENTIFIER = as.PracticeGit;
				PRODUCT_NAME = "$(TARGET_NAME)";
			};
			name = Release;
		};
		47D163BC1C107E7B00F6C0E1 /* Debug */ = {
			isa = XCBuildConfiguration;
			buildSettings = {
				BUNDLE_LOADER = "$(TEST_HOST)";
				INFOPLIST_FILE = PracticeGitTests/Info.plist;
				LD_RUNPATH_SEARCH_PATHS = "$(inherited) @executable_path/Frameworks @loader_path/Frameworks";
				PRODUCT_BUNDLE_IDENTIFIER = as.PracticeGitTests;
				PRODUCT_NAME = "$(TARGET_NAME)";
				TEST_HOST = "$(BUILT_PRODUCTS_DIR)/PracticeGit.app/PracticeGit";
			};
			name = Debug;
		};
		47D163BD1C107E7B00F6C0E1 /* Release */ = {
			isa = XCBuildConfiguration;
			buildSettings = {
				BUNDLE_LOADER = "$(TEST_HOST)";
				INFOPLIST_FILE = PracticeGitTests/Info.plist;
				LD_RUNPATH_SEARCH_PATHS = "$(inherited) @executable_path/Frameworks @loader_path/Frameworks";
				PRODUCT_BUNDLE_IDENTIFIER = as.PracticeGitTests;
				PRODUCT_NAME = "$(TARGET_NAME)";
				TEST_HOST = "$(BUILT_PRODUCTS_DIR)/PracticeGit.app/PracticeGit";
			};
			name = Release;
		};
		47D163BF1C107E7B00F6C0E1 /* Debug */ = {
			isa = XCBuildConfiguration;
			buildSettings = {
				INFOPLIST_FILE = PracticeGitUITests/Info.plist;
				LD_RUNPATH_SEARCH_PATHS = "$(inherited) @executable_path/Frameworks @loader_path/Frameworks";
				PRODUCT_BUNDLE_IDENTIFIER = as.PracticeGitUITests;
				PRODUCT_NAME = "$(TARGET_NAME)";
				TEST_TARGET_NAME = PracticeGit;
				USES_XCTRUNNER = YES;
			};
			name = Debug;
		};
		47D163C01C107E7B00F6C0E1 /* Release */ = {
			isa = XCBuildConfiguration;
			buildSettings = {
				INFOPLIST_FILE = PracticeGitUITests/Info.plist;
				LD_RUNPATH_SEARCH_PATHS = "$(inherited) @executable_path/Frameworks @loader_path/Frameworks";
				PRODUCT_BUNDLE_IDENTIFIER = as.PracticeGitUITests;
				PRODUCT_NAME = "$(TARGET_NAME)";
				TEST_TARGET_NAME = PracticeGit;
				USES_XCTRUNNER = YES;
			};
			name = Release;
		};
/* End XCBuildConfiguration section */

/* Begin XCConfigurationList section */
		47D163861C107E7B00F6C0E1 /* Build configuration list for PBXProject "PracticeGit" */ = {
			isa = XCConfigurationList;
			buildConfigurations = (
				47D163B61C107E7B00F6C0E1 /* Debug */,
				47D163B71C107E7B00F6C0E1 /* Release */,
			);
			defaultConfigurationIsVisible = 0;
			defaultConfigurationName = Release;
		};
		47D163B81C107E7B00F6C0E1 /* Build configuration list for PBXNativeTarget "PracticeGit" */ = {
			isa = XCConfigurationList;
			buildConfigurations = (
				47D163B91C107E7B00F6C0E1 /* Debug */,
				47D163BA1C107E7B00F6C0E1 /* Release */,
			);
			defaultConfigurationIsVisible = 0;
			defaultConfigurationName = Release;
		};
		47D163BB1C107E7B00F6C0E1 /* Build configuration list for PBXNativeTarget "PracticeGitTests" */ = {
			isa = XCConfigurationList;
			buildConfigurations = (
				47D163BC1C107E7B00F6C0E1 /* Debug */,
				47D163BD1C107E7B00F6C0E1 /* Release */,
			);
			defaultConfigurationIsVisible = 0;
			defaultConfigurationName = Release;
		};
		47D163BE1C107E7B00F6C0E1 /* Build configuration list for PBXNativeTarget "PracticeGitUITests" */ = {
			isa = XCConfigurationList;
			buildConfigurations = (
				47D163BF1C107E7B00F6C0E1 /* Debug */,
				47D163C01C107E7B00F6C0E1 /* Release */,
			);
			defaultConfigurationIsVisible = 0;
			defaultConfigurationName = Release;
		};
/* End XCConfigurationList section */
	};
	rootObject = 47D163831C107E7B00F6C0E1 /* Project object */;
}
